
Microsoft Visual Studio Solution File, Format Version 12.00
# Visual Studio 14
VisualStudioVersion = 14.0.24720.0
MinimumVisualStudioVersion = 10.0.40219.1
Project("{FAE04EC0-301F-11D3-BF4B-00C04F79EFBC}") = "DesignPatterns", "DesignPatterns\DesignPatterns.csproj", "{EB9AB0CF-11FA-4955-8C90-6E1112D5C28F}"
EndProject
Project("{FAE04EC0-301F-11D3-BF4B-00C04F79EFBC}") = "AbstractFactory", "AbstractFactory\AbstractFactory.csproj", "{D7446099-66FF-48B2-8109-56F9E9D2733E}"
EndProject
Project("{FAE04EC0-301F-11D3-BF4B-00C04F79EFBC}") = "Singleton", "Singleton\Singleton.csproj", "{76A16D49-3B75-41F3-9E14-DB1E539075B7}"
EndProject
Project("{FAE04EC0-301F-11D3-BF4B-00C04F79EFBC}") = "Builder", "Builder\Builder.csproj", "{85BC9744-EB84-43D5-B8AA-C82F112BCACF}"
EndProject
Project("{FAE04EC0-301F-11D3-BF4B-00C04F79EFBC}") = "Prototype", "Prototype\Prototype.csproj", "{DD99CCCA-F230-47BE-B783-FC645F36AF36}"
EndProject
Project("{2150E333-8FDC-42A3-9474-1A3956D46DE8}") = "Creational DP", "Creational DP", "{2F634AC0-975F-4665-8C88-C21947E9851D}"
EndProject
Project("{FAE04EC0-301F-11D3-BF4B-00C04F79EFBC}") = "Adapter", "Adapter\Adapter.csproj", "{478C589C-7C71-4554-B4FC-02A538C2024A}"
EndProject
Project("{FAE04EC0-301F-11D3-BF4B-00C04F79EFBC}") = "Composite", "Composite\Composite.csproj", "{DC19FDE9-6597-4EF6-8878-55DC75E71A0A}"
EndProject
Project("{FAE04EC0-301F-11D3-BF4B-00C04F79EFBC}") = "Proxy", "Proxy\Proxy.csproj", "{7EC97C90-319B-4C8D-91C9-BA387A43B0E5}"
EndProject
Project("{FAE04EC0-301F-11D3-BF4B-00C04F79EFBC}") = "Flyweight", "Flyweight\Flyweight.csproj", "{5044C082-55F0-48F0-9CA5-B274F981D7DF}"
EndProject
Project("{FAE04EC0-301F-11D3-BF4B-00C04F79EFBC}") = "Facade", "Facade\Facade.csproj", "{4BCCCA19-5191-44CD-AB6A-4553DBE09960}"
EndProject
Project("{FAE04EC0-301F-11D3-BF4B-00C04F79EFBC}") = "Bridge", "Bridge\Bridge.csproj", "{E0D333C3-C1F9-49E7-B50A-85B9CCF2507C}"
EndProject
Project("{FAE04EC0-301F-11D3-BF4B-00C04F79EFBC}") = "Decorator", "Decorator\Decorator.csproj", "{4305775A-121E-4A49-85BF-DACBBD6308C5}"
EndProject
Project("{2150E333-8FDC-42A3-9474-1A3956D46DE8}") = "Structural DP", "Structural DP", "{7CF13082-3E74-4B40-A42F-7E55466A89D4}"
EndProject
Project("{FAE04EC0-301F-11D3-BF4B-00C04F79EFBC}") = "TemplateMethod", "TemplateMethod\TemplateMethod.csproj", "{26B77887-CED5-4077-AA08-1CEDEAC79CFF}"
EndProject
Project("{FAE04EC0-301F-11D3-BF4B-00C04F79EFBC}") = "Mediator", "Mediator\Mediator.csproj", "{50B50BCE-8C59-4600-B541-9E6CD495E402}"
EndProject
Project("{FAE04EC0-301F-11D3-BF4B-00C04F79EFBC}") = "ChainOfResponsibility", "ChainOfResponsibility\ChainOfResponsibility.csproj", "{A14E4669-8090-4203-82A2-6183A71B441E}"
EndProject
Project("{FAE04EC0-301F-11D3-BF4B-00C04F79EFBC}") = "Observer", "Observer\Observer.csproj", "{FF765E07-9C50-4605-BAD0-19E7AAB203AA}"
EndProject
Project("{2150E333-8FDC-42A3-9474-1A3956D46DE8}") = "Patterns", "Patterns", "{1C29C34C-4E66-426D-A817-C0FE7853B77E}"
	ProjectSection(SolutionItems) = preProject
		JournalDev.html = JournalDev.html
		PatternsMap.html = PatternsMap.html
		TutorialsPoint.html = TutorialsPoint.html
	EndProjectSection
EndProject
Project("{FAE04EC0-301F-11D3-BF4B-00C04F79EFBC}") = "Strategy", "Strategy\Strategy.csproj", "{CAF77561-5D19-4454-B96F-7B65AAEA00FC}"
EndProject
Project("{FAE04EC0-301F-11D3-BF4B-00C04F79EFBC}") = "Command", "Command\Command.csproj", "{E7F4E2AC-96A3-4373-B5F5-36A21D14307F}"
EndProject
Project("{FAE04EC0-301F-11D3-BF4B-00C04F79EFBC}") = "State", "State\State.csproj", "{5A5AECEE-BD67-4885-B19C-7E958F9C9FD1}"
EndProject
Project("{FAE04EC0-301F-11D3-BF4B-00C04F79EFBC}") = "Visitor", "Visitor\Visitor.csproj", "{856C2F48-5389-4892-B975-77C9E2DB791C}"
EndProject
Project("{FAE04EC0-301F-11D3-BF4B-00C04F79EFBC}") = "Interpreter", "Interpreter\Interpreter.csproj", "{0AB75420-C6F9-4C04-A20F-BF104E9CBCD1}"
EndProject
Project("{FAE04EC0-301F-11D3-BF4B-00C04F79EFBC}") = "Iterator", "Iterator\Iterator.csproj", "{568E5E60-F1BB-48D3-9940-C6E248764D36}"
EndProject
Project("{FAE04EC0-301F-11D3-BF4B-00C04F79EFBC}") = "Memento", "Memento\Memento.csproj", "{46E8AB11-8DB0-4936-92F2-A9767F75DB33}"
EndProject
Project("{2150E333-8FDC-42A3-9474-1A3956D46DE8}") = "Solution Items", "Solution Items", "{74E190FC-D1AB-44E4-8133-F5907EFEF7E9}"
	ProjectSection(SolutionItems) = preProject
		TutorialsPoint.html = TutorialsPoint.html
	EndProjectSection
EndProject
Project("{2150E333-8FDC-42A3-9474-1A3956D46DE8}") = "Behavioral DP", "Behavioral DP", "{06D85CA8-B91A-4734-835D-789A2A2412F8}"
EndProject
Global
	GlobalSection(SolutionConfigurationPlatforms) = preSolution
		Debug|Any CPU = Debug|Any CPU
		Debug|x64 = Debug|x64
		Debug|x86 = Debug|x86
		Release|Any CPU = Release|Any CPU
		Release|x64 = Release|x64
		Release|x86 = Release|x86
	EndGlobalSection
	GlobalSection(ProjectConfigurationPlatforms) = postSolution
		{EB9AB0CF-11FA-4955-8C90-6E1112D5C28F}.Debug|Any CPU.ActiveCfg = Debug|Any CPU
		{EB9AB0CF-11FA-4955-8C90-6E1112D5C28F}.Debug|Any CPU.Build.0 = Debug|Any CPU
		{EB9AB0CF-11FA-4955-8C90-6E1112D5C28F}.Debug|x64.ActiveCfg = Debug|Any CPU
		{EB9AB0CF-11FA-4955-8C90-6E1112D5C28F}.Debug|x64.Build.0 = Debug|Any CPU
		{EB9AB0CF-11FA-4955-8C90-6E1112D5C28F}.Debug|x86.ActiveCfg = Debug|Any CPU
		{EB9AB0CF-11FA-4955-8C90-6E1112D5C28F}.Debug|x86.Build.0 = Debug|Any CPU
		{EB9AB0CF-11FA-4955-8C90-6E1112D5C28F}.Release|Any CPU.ActiveCfg = Release|Any CPU
		{EB9AB0CF-11FA-4955-8C90-6E1112D5C28F}.Release|Any CPU.Build.0 = Release|Any CPU
		{EB9AB0CF-11FA-4955-8C90-6E1112D5C28F}.Release|x64.ActiveCfg = Release|Any CPU
		{EB9AB0CF-11FA-4955-8C90-6E1112D5C28F}.Release|x64.Build.0 = Release|Any CPU
		{EB9AB0CF-11FA-4955-8C90-6E1112D5C28F}.Release|x86.ActiveCfg = Release|Any CPU
		{EB9AB0CF-11FA-4955-8C90-6E1112D5C28F}.Release|x86.Build.0 = Release|Any CPU
		{D7446099-66FF-48B2-8109-56F9E9D2733E}.Debug|Any CPU.ActiveCfg = Debug|Any CPU
		{D7446099-66FF-48B2-8109-56F9E9D2733E}.Debug|Any CPU.Build.0 = Debug|Any CPU
		{D7446099-66FF-48B2-8109-56F9E9D2733E}.Debug|x64.ActiveCfg = Debug|Any CPU
		{D7446099-66FF-48B2-8109-56F9E9D2733E}.Debug|x64.Build.0 = Debug|Any CPU
		{D7446099-66FF-48B2-8109-56F9E9D2733E}.Debug|x86.ActiveCfg = Debug|Any CPU
		{D7446099-66FF-48B2-8109-56F9E9D2733E}.Debug|x86.Build.0 = Debug|Any CPU
		{D7446099-66FF-48B2-8109-56F9E9D2733E}.Release|Any CPU.ActiveCfg = Release|Any CPU
		{D7446099-66FF-48B2-8109-56F9E9D2733E}.Release|Any CPU.Build.0 = Release|Any CPU
		{D7446099-66FF-48B2-8109-56F9E9D2733E}.Release|x64.ActiveCfg = Release|Any CPU
		{D7446099-66FF-48B2-8109-56F9E9D2733E}.Release|x64.Build.0 = Release|Any CPU
		{D7446099-66FF-48B2-8109-56F9E9D2733E}.Release|x86.ActiveCfg = Release|Any CPU
		{D7446099-66FF-48B2-8109-56F9E9D2733E}.Release|x86.Build.0 = Release|Any CPU
		{76A16D49-3B75-41F3-9E14-DB1E539075B7}.Debug|Any CPU.ActiveCfg = Debug|Any CPU
		{76A16D49-3B75-41F3-9E14-DB1E539075B7}.Debug|Any CPU.Build.0 = Debug|Any CPU
		{76A16D49-3B75-41F3-9E14-DB1E539075B7}.Debug|x64.ActiveCfg = Debug|Any CPU
		{76A16D49-3B75-41F3-9E14-DB1E539075B7}.Debug|x64.Build.0 = Debug|Any CPU
		{76A16D49-3B75-41F3-9E14-DB1E539075B7}.Debug|x86.ActiveCfg = Debug|Any CPU
		{76A16D49-3B75-41F3-9E14-DB1E539075B7}.Debug|x86.Build.0 = Debug|Any CPU
		{76A16D49-3B75-41F3-9E14-DB1E539075B7}.Release|Any CPU.ActiveCfg = Release|Any CPU
		{76A16D49-3B75-41F3-9E14-DB1E539075B7}.Release|Any CPU.Build.0 = Release|Any CPU
		{76A16D49-3B75-41F3-9E14-DB1E539075B7}.Release|x64.ActiveCfg = Release|Any CPU
		{76A16D49-3B75-41F3-9E14-DB1E539075B7}.Release|x64.Build.0 = Release|Any CPU
		{76A16D49-3B75-41F3-9E14-DB1E539075B7}.Release|x86.ActiveCfg = Release|Any CPU
		{76A16D49-3B75-41F3-9E14-DB1E539075B7}.Release|x86.Build.0 = Release|Any CPU
		{85BC9744-EB84-43D5-B8AA-C82F112BCACF}.Debug|Any CPU.ActiveCfg = Debug|Any CPU
		{85BC9744-EB84-43D5-B8AA-C82F112BCACF}.Debug|Any CPU.Build.0 = Debug|Any CPU
		{85BC9744-EB84-43D5-B8AA-C82F112BCACF}.Debug|x64.ActiveCfg = Debug|Any CPU
		{85BC9744-EB84-43D5-B8AA-C82F112BCACF}.Debug|x64.Build.0 = Debug|Any CPU
		{85BC9744-EB84-43D5-B8AA-C82F112BCACF}.Debug|x86.ActiveCfg = Debug|Any CPU
		{85BC9744-EB84-43D5-B8AA-C82F112BCACF}.Debug|x86.Build.0 = Debug|Any CPU
		{85BC9744-EB84-43D5-B8AA-C82F112BCACF}.Release|Any CPU.ActiveCfg = Release|Any CPU
		{85BC9744-EB84-43D5-B8AA-C82F112BCACF}.Release|Any CPU.Build.0 = Release|Any CPU
		{85BC9744-EB84-43D5-B8AA-C82F112BCACF}.Release|x64.ActiveCfg = Release|Any CPU
		{85BC9744-EB84-43D5-B8AA-C82F112BCACF}.Release|x64.Build.0 = Release|Any CPU
		{85BC9744-EB84-43D5-B8AA-C82F112BCACF}.Release|x86.ActiveCfg = Release|Any CPU
		{85BC9744-EB84-43D5-B8AA-C82F112BCACF}.Release|x86.Build.0 = Release|Any CPU
		{DD99CCCA-F230-47BE-B783-FC645F36AF36}.Debug|Any CPU.ActiveCfg = Debug|Any CPU
		{DD99CCCA-F230-47BE-B783-FC645F36AF36}.Debug|Any CPU.Build.0 = Debug|Any CPU
		{DD99CCCA-F230-47BE-B783-FC645F36AF36}.Debug|x64.ActiveCfg = Debug|Any CPU
		{DD99CCCA-F230-47BE-B783-FC645F36AF36}.Debug|x64.Build.0 = Debug|Any CPU
		{DD99CCCA-F230-47BE-B783-FC645F36AF36}.Debug|x86.ActiveCfg = Debug|Any CPU
		{DD99CCCA-F230-47BE-B783-FC645F36AF36}.Debug|x86.Build.0 = Debug|Any CPU
		{DD99CCCA-F230-47BE-B783-FC645F36AF36}.Release|Any CPU.ActiveCfg = Release|Any CPU
		{DD99CCCA-F230-47BE-B783-FC645F36AF36}.Release|Any CPU.Build.0 = Release|Any CPU
		{DD99CCCA-F230-47BE-B783-FC645F36AF36}.Release|x64.ActiveCfg = Release|Any CPU
		{DD99CCCA-F230-47BE-B783-FC645F36AF36}.Release|x64.Build.0 = Release|Any CPU
		{DD99CCCA-F230-47BE-B783-FC645F36AF36}.Release|x86.ActiveCfg = Release|Any CPU
		{DD99CCCA-F230-47BE-B783-FC645F36AF36}.Release|x86.Build.0 = Release|Any CPU
		{478C589C-7C71-4554-B4FC-02A538C2024A}.Debug|Any CPU.ActiveCfg = Debug|Any CPU
		{478C589C-7C71-4554-B4FC-02A538C2024A}.Debug|Any CPU.Build.0 = Debug|Any CPU
		{478C589C-7C71-4554-B4FC-02A538C2024A}.Debug|x64.ActiveCfg = Debug|Any CPU
		{478C589C-7C71-4554-B4FC-02A538C2024A}.Debug|x64.Build.0 = Debug|Any CPU
		{478C589C-7C71-4554-B4FC-02A538C2024A}.Debug|x86.ActiveCfg = Debug|Any CPU
		{478C589C-7C71-4554-B4FC-02A538C2024A}.Debug|x86.Build.0 = Debug|Any CPU
		{478C589C-7C71-4554-B4FC-02A538C2024A}.Release|Any CPU.ActiveCfg = Release|Any CPU
		{478C589C-7C71-4554-B4FC-02A538C2024A}.Release|Any CPU.Build.0 = Release|Any CPU
		{478C589C-7C71-4554-B4FC-02A538C2024A}.Release|x64.ActiveCfg = Release|Any CPU
		{478C589C-7C71-4554-B4FC-02A538C2024A}.Release|x64.Build.0 = Release|Any CPU
		{478C589C-7C71-4554-B4FC-02A538C2024A}.Release|x86.ActiveCfg = Release|Any CPU
		{478C589C-7C71-4554-B4FC-02A538C2024A}.Release|x86.Build.0 = Release|Any CPU
		{DC19FDE9-6597-4EF6-8878-55DC75E71A0A}.Debug|Any CPU.ActiveCfg = Debug|Any CPU
		{DC19FDE9-6597-4EF6-8878-55DC75E71A0A}.Debug|Any CPU.Build.0 = Debug|Any CPU
		{DC19FDE9-6597-4EF6-8878-55DC75E71A0A}.Debug|x64.ActiveCfg = Debug|Any CPU
		{DC19FDE9-6597-4EF6-8878-55DC75E71A0A}.Debug|x64.Build.0 = Debug|Any CPU
		{DC19FDE9-6597-4EF6-8878-55DC75E71A0A}.Debug|x86.ActiveCfg = Debug|Any CPU
		{DC19FDE9-6597-4EF6-8878-55DC75E71A0A}.Debug|x86.Build.0 = Debug|Any CPU
		{DC19FDE9-6597-4EF6-8878-55DC75E71A0A}.Release|Any CPU.ActiveCfg = Release|Any CPU
		{DC19FDE9-6597-4EF6-8878-55DC75E71A0A}.Release|Any CPU.Build.0 = Release|Any CPU
		{DC19FDE9-6597-4EF6-8878-55DC75E71A0A}.Release|x64.ActiveCfg = Release|Any CPU
		{DC19FDE9-6597-4EF6-8878-55DC75E71A0A}.Release|x64.Build.0 = Release|Any CPU
		{DC19FDE9-6597-4EF6-8878-55DC75E71A0A}.Release|x86.ActiveCfg = Release|Any CPU
		{DC19FDE9-6597-4EF6-8878-55DC75E71A0A}.Release|x86.Build.0 = Release|Any CPU
		{7EC97C90-319B-4C8D-91C9-BA387A43B0E5}.Debug|Any CPU.ActiveCfg = Debug|Any CPU
		{7EC97C90-319B-4C8D-91C9-BA387A43B0E5}.Debug|Any CPU.Build.0 = Debug|Any CPU
		{7EC97C90-319B-4C8D-91C9-BA387A43B0E5}.Debug|x64.ActiveCfg = Debug|Any CPU
		{7EC97C90-319B-4C8D-91C9-BA387A43B0E5}.Debug|x64.Build.0 = Debug|Any CPU
		{7EC97C90-319B-4C8D-91C9-BA387A43B0E5}.Debug|x86.ActiveCfg = Debug|Any CPU
		{7EC97C90-319B-4C8D-91C9-BA387A43B0E5}.Debug|x86.Build.0 = Debug|Any CPU
		{7EC97C90-319B-4C8D-91C9-BA387A43B0E5}.Release|Any CPU.ActiveCfg = Release|Any CPU
		{7EC97C90-319B-4C8D-91C9-BA387A43B0E5}.Release|Any CPU.Build.0 = Release|Any CPU
		{7EC97C90-319B-4C8D-91C9-BA387A43B0E5}.Release|x64.ActiveCfg = Release|Any CPU
		{7EC97C90-319B-4C8D-91C9-BA387A43B0E5}.Release|x64.Build.0 = Release|Any CPU
		{7EC97C90-319B-4C8D-91C9-BA387A43B0E5}.Release|x86.ActiveCfg = Release|Any CPU
		{7EC97C90-319B-4C8D-91C9-BA387A43B0E5}.Release|x86.Build.0 = Release|Any CPU
		{5044C082-55F0-48F0-9CA5-B274F981D7DF}.Debug|Any CPU.ActiveCfg = Debug|Any CPU
		{5044C082-55F0-48F0-9CA5-B274F981D7DF}.Debug|Any CPU.Build.0 = Debug|Any CPU
		{5044C082-55F0-48F0-9CA5-B274F981D7DF}.Debug|x64.ActiveCfg = Debug|Any CPU
		{5044C082-55F0-48F0-9CA5-B274F981D7DF}.Debug|x64.Build.0 = Debug|Any CPU
		{5044C082-55F0-48F0-9CA5-B274F981D7DF}.Debug|x86.ActiveCfg = Debug|Any CPU
		{5044C082-55F0-48F0-9CA5-B274F981D7DF}.Debug|x86.Build.0 = Debug|Any CPU
		{5044C082-55F0-48F0-9CA5-B274F981D7DF}.Release|Any CPU.ActiveCfg = Release|Any CPU
		{5044C082-55F0-48F0-9CA5-B274F981D7DF}.Release|Any CPU.Build.0 = Release|Any CPU
		{5044C082-55F0-48F0-9CA5-B274F981D7DF}.Release|x64.ActiveCfg = Release|Any CPU
		{5044C082-55F0-48F0-9CA5-B274F981D7DF}.Release|x64.Build.0 = Release|Any CPU
		{5044C082-55F0-48F0-9CA5-B274F981D7DF}.Release|x86.ActiveCfg = Release|Any CPU
		{5044C082-55F0-48F0-9CA5-B274F981D7DF}.Release|x86.Build.0 = Release|Any CPU
		{4BCCCA19-5191-44CD-AB6A-4553DBE09960}.Debug|Any CPU.ActiveCfg = Debug|Any CPU
		{4BCCCA19-5191-44CD-AB6A-4553DBE09960}.Debug|Any CPU.Build.0 = Debug|Any CPU
		{4BCCCA19-5191-44CD-AB6A-4553DBE09960}.Debug|x64.ActiveCfg = Debug|Any CPU
		{4BCCCA19-5191-44CD-AB6A-4553DBE09960}.Debug|x64.Build.0 = Debug|Any CPU
		{4BCCCA19-5191-44CD-AB6A-4553DBE09960}.Debug|x86.ActiveCfg = Debug|Any CPU
		{4BCCCA19-5191-44CD-AB6A-4553DBE09960}.Debug|x86.Build.0 = Debug|Any CPU
		{4BCCCA19-5191-44CD-AB6A-4553DBE09960}.Release|Any CPU.ActiveCfg = Release|Any CPU
		{4BCCCA19-5191-44CD-AB6A-4553DBE09960}.Release|Any CPU.Build.0 = Release|Any CPU
		{4BCCCA19-5191-44CD-AB6A-4553DBE09960}.Release|x64.ActiveCfg = Release|Any CPU
		{4BCCCA19-5191-44CD-AB6A-4553DBE09960}.Release|x64.Build.0 = Release|Any CPU
		{4BCCCA19-5191-44CD-AB6A-4553DBE09960}.Release|x86.ActiveCfg = Release|Any CPU
		{4BCCCA19-5191-44CD-AB6A-4553DBE09960}.Release|x86.Build.0 = Release|Any CPU
		{E0D333C3-C1F9-49E7-B50A-85B9CCF2507C}.Debug|Any CPU.ActiveCfg = Debug|Any CPU
		{E0D333C3-C1F9-49E7-B50A-85B9CCF2507C}.Debug|Any CPU.Build.0 = Debug|Any CPU
		{E0D333C3-C1F9-49E7-B50A-85B9CCF2507C}.Debug|x64.ActiveCfg = Debug|Any CPU
		{E0D333C3-C1F9-49E7-B50A-85B9CCF2507C}.Debug|x64.Build.0 = Debug|Any CPU
		{E0D333C3-C1F9-49E7-B50A-85B9CCF2507C}.Debug|x86.ActiveCfg = Debug|Any CPU
		{E0D333C3-C1F9-49E7-B50A-85B9CCF2507C}.Debug|x86.Build.0 = Debug|Any CPU
		{E0D333C3-C1F9-49E7-B50A-85B9CCF2507C}.Release|Any CPU.ActiveCfg = Release|Any CPU
		{E0D333C3-C1F9-49E7-B50A-85B9CCF2507C}.Release|Any CPU.Build.0 = Release|Any CPU
		{E0D333C3-C1F9-49E7-B50A-85B9CCF2507C}.Release|x64.ActiveCfg = Release|Any CPU
		{E0D333C3-C1F9-49E7-B50A-85B9CCF2507C}.Release|x64.Build.0 = Release|Any CPU
		{E0D333C3-C1F9-49E7-B50A-85B9CCF2507C}.Release|x86.ActiveCfg = Release|Any CPU
		{E0D333C3-C1F9-49E7-B50A-85B9CCF2507C}.Release|x86.Build.0 = Release|Any CPU
		{4305775A-121E-4A49-85BF-DACBBD6308C5}.Debug|Any CPU.ActiveCfg = Debug|Any CPU
		{4305775A-121E-4A49-85BF-DACBBD6308C5}.Debug|Any CPU.Build.0 = Debug|Any CPU
		{4305775A-121E-4A49-85BF-DACBBD6308C5}.Debug|x64.ActiveCfg = Debug|Any CPU
		{4305775A-121E-4A49-85BF-DACBBD6308C5}.Debug|x64.Build.0 = Debug|Any CPU
		{4305775A-121E-4A49-85BF-DACBBD6308C5}.Debug|x86.ActiveCfg = Debug|Any CPU
		{4305775A-121E-4A49-85BF-DACBBD6308C5}.Debug|x86.Build.0 = Debug|Any CPU
		{4305775A-121E-4A49-85BF-DACBBD6308C5}.Release|Any CPU.ActiveCfg = Release|Any CPU
		{4305775A-121E-4A49-85BF-DACBBD6308C5}.Release|Any CPU.Build.0 = Release|Any CPU
		{4305775A-121E-4A49-85BF-DACBBD6308C5}.Release|x64.ActiveCfg = Release|Any CPU
		{4305775A-121E-4A49-85BF-DACBBD6308C5}.Release|x64.Build.0 = Release|Any CPU
		{4305775A-121E-4A49-85BF-DACBBD6308C5}.Release|x86.ActiveCfg = Release|Any CPU
		{4305775A-121E-4A49-85BF-DACBBD6308C5}.Release|x86.Build.0 = Release|Any CPU
		{26B77887-CED5-4077-AA08-1CEDEAC79CFF}.Debug|Any CPU.ActiveCfg = Debug|Any CPU
		{26B77887-CED5-4077-AA08-1CEDEAC79CFF}.Debug|Any CPU.Build.0 = Debug|Any CPU
		{26B77887-CED5-4077-AA08-1CEDEAC79CFF}.Debug|x64.ActiveCfg = Debug|Any CPU
		{26B77887-CED5-4077-AA08-1CEDEAC79CFF}.Debug|x64.Build.0 = Debug|Any CPU
		{26B77887-CED5-4077-AA08-1CEDEAC79CFF}.Debug|x86.ActiveCfg = Debug|Any CPU
		{26B77887-CED5-4077-AA08-1CEDEAC79CFF}.Debug|x86.Build.0 = Debug|Any CPU
		{26B77887-CED5-4077-AA08-1CEDEAC79CFF}.Release|Any CPU.ActiveCfg = Release|Any CPU
		{26B77887-CED5-4077-AA08-1CEDEAC79CFF}.Release|Any CPU.Build.0 = Release|Any CPU
		{26B77887-CED5-4077-AA08-1CEDEAC79CFF}.Release|x64.ActiveCfg = Release|Any CPU
		{26B77887-CED5-4077-AA08-1CEDEAC79CFF}.Release|x64.Build.0 = Release|Any CPU
		{26B77887-CED5-4077-AA08-1CEDEAC79CFF}.Release|x86.ActiveCfg = Release|Any CPU
		{26B77887-CED5-4077-AA08-1CEDEAC79CFF}.Release|x86.Build.0 = Release|Any CPU
		{50B50BCE-8C59-4600-B541-9E6CD495E402}.Debug|Any CPU.ActiveCfg = Debug|Any CPU
		{50B50BCE-8C59-4600-B541-9E6CD495E402}.Debug|Any CPU.Build.0 = Debug|Any CPU
		{50B50BCE-8C59-4600-B541-9E6CD495E402}.Debug|x64.ActiveCfg = Debug|Any CPU
		{50B50BCE-8C59-4600-B541-9E6CD495E402}.Debug|x64.Build.0 = Debug|Any CPU
		{50B50BCE-8C59-4600-B541-9E6CD495E402}.Debug|x86.ActiveCfg = Debug|Any CPU
		{50B50BCE-8C59-4600-B541-9E6CD495E402}.Debug|x86.Build.0 = Debug|Any CPU
		{50B50BCE-8C59-4600-B541-9E6CD495E402}.Release|Any CPU.ActiveCfg = Release|Any CPU
		{50B50BCE-8C59-4600-B541-9E6CD495E402}.Release|Any CPU.Build.0 = Release|Any CPU
		{50B50BCE-8C59-4600-B541-9E6CD495E402}.Release|x64.ActiveCfg = Release|Any CPU
		{50B50BCE-8C59-4600-B541-9E6CD495E402}.Release|x64.Build.0 = Release|Any CPU
		{50B50BCE-8C59-4600-B541-9E6CD495E402}.Release|x86.ActiveCfg = Release|Any CPU
		{50B50BCE-8C59-4600-B541-9E6CD495E402}.Release|x86.Build.0 = Release|Any CPU
		{A14E4669-8090-4203-82A2-6183A71B441E}.Debug|Any CPU.ActiveCfg = Debug|Any CPU
		{A14E4669-8090-4203-82A2-6183A71B441E}.Debug|Any CPU.Build.0 = Debug|Any CPU
		{A14E4669-8090-4203-82A2-6183A71B441E}.Debug|x64.ActiveCfg = Debug|Any CPU
		{A14E4669-8090-4203-82A2-6183A71B441E}.Debug|x64.Build.0 = Debug|Any CPU
		{A14E4669-8090-4203-82A2-6183A71B441E}.Debug|x86.ActiveCfg = Debug|Any CPU
		{A14E4669-8090-4203-82A2-6183A71B441E}.Debug|x86.Build.0 = Debug|Any CPU
		{A14E4669-8090-4203-82A2-6183A71B441E}.Release|Any CPU.ActiveCfg = Release|Any CPU
		{A14E4669-8090-4203-82A2-6183A71B441E}.Release|Any CPU.Build.0 = Release|Any CPU
		{A14E4669-8090-4203-82A2-6183A71B441E}.Release|x64.ActiveCfg = Release|Any CPU
		{A14E4669-8090-4203-82A2-6183A71B441E}.Release|x64.Build.0 = Release|Any CPU
		{A14E4669-8090-4203-82A2-6183A71B441E}.Release|x86.ActiveCfg = Release|Any CPU
		{A14E4669-8090-4203-82A2-6183A71B441E}.Release|x86.Build.0 = Release|Any CPU
		{FF765E07-9C50-4605-BAD0-19E7AAB203AA}.Debug|Any CPU.ActiveCfg = Debug|Any CPU
		{FF765E07-9C50-4605-BAD0-19E7AAB203AA}.Debug|Any CPU.Build.0 = Debug|Any CPU
		{FF765E07-9C50-4605-BAD0-19E7AAB203AA}.Debug|x64.ActiveCfg = Debug|Any CPU
		{FF765E07-9C50-4605-BAD0-19E7AAB203AA}.Debug|x64.Build.0 = Debug|Any CPU
		{FF765E07-9C50-4605-BAD0-19E7AAB203AA}.Debug|x86.ActiveCfg = Debug|Any CPU
		{FF765E07-9C50-4605-BAD0-19E7AAB203AA}.Debug|x86.Build.0 = Debug|Any CPU
		{FF765E07-9C50-4605-BAD0-19E7AAB203AA}.Release|Any CPU.ActiveCfg = Release|Any CPU
		{FF765E07-9C50-4605-BAD0-19E7AAB203AA}.Release|Any CPU.Build.0 = Release|Any CPU
		{FF765E07-9C50-4605-BAD0-19E7AAB203AA}.Release|x64.ActiveCfg = Release|Any CPU
		{FF765E07-9C50-4605-BAD0-19E7AAB203AA}.Release|x64.Build.0 = Release|Any CPU
		{FF765E07-9C50-4605-BAD0-19E7AAB203AA}.Release|x86.ActiveCfg = Release|Any CPU
		{FF765E07-9C50-4605-BAD0-19E7AAB203AA}.Release|x86.Build.0 = Release|Any CPU
		{CAF77561-5D19-4454-B96F-7B65AAEA00FC}.Debug|Any CPU.ActiveCfg = Debug|Any CPU
		{CAF77561-5D19-4454-B96F-7B65AAEA00FC}.Debug|Any CPU.Build.0 = Debug|Any CPU
		{CAF77561-5D19-4454-B96F-7B65AAEA00FC}.Debug|x64.ActiveCfg = Debug|Any CPU
		{CAF77561-5D19-4454-B96F-7B65AAEA00FC}.Debug|x64.Build.0 = Debug|Any CPU
		{CAF77561-5D19-4454-B96F-7B65AAEA00FC}.Debug|x86.ActiveCfg = Debug|Any CPU
		{CAF77561-5D19-4454-B96F-7B65AAEA00FC}.Debug|x86.Build.0 = Debug|Any CPU
		{CAF77561-5D19-4454-B96F-7B65AAEA00FC}.Release|Any CPU.ActiveCfg = Release|Any CPU
		{CAF77561-5D19-4454-B96F-7B65AAEA00FC}.Release|Any CPU.Build.0 = Release|Any CPU
		{CAF77561-5D19-4454-B96F-7B65AAEA00FC}.Release|x64.ActiveCfg = Release|Any CPU
		{CAF77561-5D19-4454-B96F-7B65AAEA00FC}.Release|x64.Build.0 = Release|Any CPU
		{CAF77561-5D19-4454-B96F-7B65AAEA00FC}.Release|x86.ActiveCfg = Release|Any CPU
		{CAF77561-5D19-4454-B96F-7B65AAEA00FC}.Release|x86.Build.0 = Release|Any CPU
		{E7F4E2AC-96A3-4373-B5F5-36A21D14307F}.Debug|Any CPU.ActiveCfg = Debug|Any CPU
		{E7F4E2AC-96A3-4373-B5F5-36A21D14307F}.Debug|Any CPU.Build.0 = Debug|Any CPU
		{E7F4E2AC-96A3-4373-B5F5-36A21D14307F}.Debug|x64.ActiveCfg = Debug|Any CPU
		{E7F4E2AC-96A3-4373-B5F5-36A21D14307F}.Debug|x64.Build.0 = Debug|Any CPU
		{E7F4E2AC-96A3-4373-B5F5-36A21D14307F}.Debug|x86.ActiveCfg = Debug|Any CPU
		{E7F4E2AC-96A3-4373-B5F5-36A21D14307F}.Debug|x86.Build.0 = Debug|Any CPU
		{E7F4E2AC-96A3-4373-B5F5-36A21D14307F}.Release|Any CPU.ActiveCfg = Release|Any CPU
		{E7F4E2AC-96A3-4373-B5F5-36A21D14307F}.Release|Any CPU.Build.0 = Release|Any CPU
		{E7F4E2AC-96A3-4373-B5F5-36A21D14307F}.Release|x64.ActiveCfg = Release|Any CPU
		{E7F4E2AC-96A3-4373-B5F5-36A21D14307F}.Release|x64.Build.0 = Release|Any CPU
		{E7F4E2AC-96A3-4373-B5F5-36A21D14307F}.Release|x86.ActiveCfg = Release|Any CPU
		{E7F4E2AC-96A3-4373-B5F5-36A21D14307F}.Release|x86.Build.0 = Release|Any CPU
		{5A5AECEE-BD67-4885-B19C-7E958F9C9FD1}.Debug|Any CPU.ActiveCfg = Debug|Any CPU
		{5A5AECEE-BD67-4885-B19C-7E958F9C9FD1}.Debug|Any CPU.Build.0 = Debug|Any CPU
		{5A5AECEE-BD67-4885-B19C-7E958F9C9FD1}.Debug|x64.ActiveCfg = Debug|Any CPU
		{5A5AECEE-BD67-4885-B19C-7E958F9C9FD1}.Debug|x64.Build.0 = Debug|Any CPU
		{5A5AECEE-BD67-4885-B19C-7E958F9C9FD1}.Debug|x86.ActiveCfg = Debug|Any CPU
		{5A5AECEE-BD67-4885-B19C-7E958F9C9FD1}.Debug|x86.Build.0 = Debug|Any CPU
		{5A5AECEE-BD67-4885-B19C-7E958F9C9FD1}.Release|Any CPU.ActiveCfg = Release|Any CPU
		{5A5AECEE-BD67-4885-B19C-7E958F9C9FD1}.Release|Any CPU.Build.0 = Release|Any CPU
		{5A5AECEE-BD67-4885-B19C-7E958F9C9FD1}.Release|x64.ActiveCfg = Release|Any CPU
		{5A5AECEE-BD67-4885-B19C-7E958F9C9FD1}.Release|x64.Build.0 = Release|Any CPU
		{5A5AECEE-BD67-4885-B19C-7E958F9C9FD1}.Release|x86.ActiveCfg = Release|Any CPU
		{5A5AECEE-BD67-4885-B19C-7E958F9C9FD1}.Release|x86.Build.0 = Release|Any CPU
		{856C2F48-5389-4892-B975-77C9E2DB791C}.Debug|Any CPU.ActiveCfg = Debug|Any CPU
		{856C2F48-5389-4892-B975-77C9E2DB791C}.Debug|Any CPU.Build.0 = Debug|Any CPU
		{856C2F48-5389-4892-B975-77C9E2DB791C}.Debug|x64.ActiveCfg = Debug|Any CPU
		{856C2F48-5389-4892-B975-77C9E2DB791C}.Debug|x64.Build.0 = Debug|Any CPU
		{856C2F48-5389-4892-B975-77C9E2DB791C}.Debug|x86.ActiveCfg = Debug|Any CPU
		{856C2F48-5389-4892-B975-77C9E2DB791C}.Debug|x86.Build.0 = Debug|Any CPU
		{856C2F48-5389-4892-B975-77C9E2DB791C}.Release|Any CPU.ActiveCfg = Release|Any CPU
		{856C2F48-5389-4892-B975-77C9E2DB791C}.Release|Any CPU.Build.0 = Release|Any CPU
		{856C2F48-5389-4892-B975-77C9E2DB791C}.Release|x64.ActiveCfg = Release|Any CPU
		{856C2F48-5389-4892-B975-77C9E2DB791C}.Release|x64.Build.0 = Release|Any CPU
		{856C2F48-5389-4892-B975-77C9E2DB791C}.Release|x86.ActiveCfg = Release|Any CPU
		{856C2F48-5389-4892-B975-77C9E2DB791C}.Release|x86.Build.0 = Release|Any CPU
		{0AB75420-C6F9-4C04-A20F-BF104E9CBCD1}.Debug|Any CPU.ActiveCfg = Debug|Any CPU
		{0AB75420-C6F9-4C04-A20F-BF104E9CBCD1}.Debug|Any CPU.Build.0 = Debug|Any CPU
		{0AB75420-C6F9-4C04-A20F-BF104E9CBCD1}.Debug|x64.ActiveCfg = Debug|Any CPU
		{0AB75420-C6F9-4C04-A20F-BF104E9CBCD1}.Debug|x64.Build.0 = Debug|Any CPU
		{0AB75420-C6F9-4C04-A20F-BF104E9CBCD1}.Debug|x86.ActiveCfg = Debug|Any CPU
		{0AB75420-C6F9-4C04-A20F-BF104E9CBCD1}.Debug|x86.Build.0 = Debug|Any CPU
		{0AB75420-C6F9-4C04-A20F-BF104E9CBCD1}.Release|Any CPU.ActiveCfg = Release|Any CPU
		{0AB75420-C6F9-4C04-A20F-BF104E9CBCD1}.Release|Any CPU.Build.0 = Release|Any CPU
		{0AB75420-C6F9-4C04-A20F-BF104E9CBCD1}.Release|x64.ActiveCfg = Release|Any CPU
		{0AB75420-C6F9-4C04-A20F-BF104E9CBCD1}.Release|x64.Build.0 = Release|Any CPU
		{0AB75420-C6F9-4C04-A20F-BF104E9CBCD1}.Release|x86.ActiveCfg = Release|Any CPU
		{0AB75420-C6F9-4C04-A20F-BF104E9CBCD1}.Release|x86.Build.0 = Release|Any CPU
		{568E5E60-F1BB-48D3-9940-C6E248764D36}.Debug|Any CPU.ActiveCfg = Debug|Any CPU
		{568E5E60-F1BB-48D3-9940-C6E248764D36}.Debug|Any CPU.Build.0 = Debug|Any CPU
		{568E5E60-F1BB-48D3-9940-C6E248764D36}.Debug|x64.ActiveCfg = Debug|Any CPU
		{568E5E60-F1BB-48D3-9940-C6E248764D36}.Debug|x64.Build.0 = Debug|Any CPU
		{568E5E60-F1BB-48D3-9940-C6E248764D36}.Debug|x86.ActiveCfg = Debug|Any CPU
		{568E5E60-F1BB-48D3-9940-C6E248764D36}.Debug|x86.Build.0 = Debug|Any CPU
		{568E5E60-F1BB-48D3-9940-C6E248764D36}.Release|Any CPU.ActiveCfg = Release|Any CPU
		{568E5E60-F1BB-48D3-9940-C6E248764D36}.Release|Any CPU.Build.0 = Release|Any CPU
		{568E5E60-F1BB-48D3-9940-C6E248764D36}.Release|x64.ActiveCfg = Release|Any CPU
		{568E5E60-F1BB-48D3-9940-C6E248764D36}.Release|x64.Build.0 = Release|Any CPU
		{568E5E60-F1BB-48D3-9940-C6E248764D36}.Release|x86.ActiveCfg = Release|Any CPU
		{568E5E60-F1BB-48D3-9940-C6E248764D36}.Release|x86.Build.0 = Release|Any CPU
		{46E8AB11-8DB0-4936-92F2-A9767F75DB33}.Debug|Any CPU.ActiveCfg = Debug|Any CPU
		{46E8AB11-8DB0-4936-92F2-A9767F75DB33}.Debug|Any CPU.Build.0 = Debug|Any CPU
		{46E8AB11-8DB0-4936-92F2-A9767F75DB33}.Debug|x64.ActiveCfg = Debug|Any CPU
		{46E8AB11-8DB0-4936-92F2-A9767F75DB33}.Debug|x64.Build.0 = Debug|Any CPU
		{46E8AB11-8DB0-4936-92F2-A9767F75DB33}.Debug|x86.ActiveCfg = Debug|Any CPU
		{46E8AB11-8DB0-4936-92F2-A9767F75DB33}.Debug|x86.Build.0 = Debug|Any CPU
		{46E8AB11-8DB0-4936-92F2-A9767F75DB33}.Release|Any CPU.ActiveCfg = Release|Any CPU
		{46E8AB11-8DB0-4936-92F2-A9767F75DB33}.Release|Any CPU.Build.0 = Release|Any CPU
		{46E8AB11-8DB0-4936-92F2-A9767F75DB33}.Release|x64.ActiveCfg = Release|Any CPU
		{46E8AB11-8DB0-4936-92F2-A9767F75DB33}.Release|x64.Build.0 = Release|Any CPU
		{46E8AB11-8DB0-4936-92F2-A9767F75DB33}.Release|x86.ActiveCfg = Release|Any CPU
		{46E8AB11-8DB0-4936-92F2-A9767F75DB33}.Release|x86.Build.0 = Release|Any CPU
	EndGlobalSection
	GlobalSection(SolutionProperties) = preSolution
		HideSolutionNode = FALSE
	EndGlobalSection
	GlobalSection(NestedProjects) = preSolution
		{D7446099-66FF-48B2-8109-56F9E9D2733E} = {2F634AC0-975F-4665-8C88-C21947E9851D}
		{76A16D49-3B75-41F3-9E14-DB1E539075B7} = {2F634AC0-975F-4665-8C88-C21947E9851D}
		{85BC9744-EB84-43D5-B8AA-C82F112BCACF} = {2F634AC0-975F-4665-8C88-C21947E9851D}
		{DD99CCCA-F230-47BE-B783-FC645F36AF36} = {2F634AC0-975F-4665-8C88-C21947E9851D}
		{478C589C-7C71-4554-B4FC-02A538C2024A} = {7CF13082-3E74-4B40-A42F-7E55466A89D4}
		{DC19FDE9-6597-4EF6-8878-55DC75E71A0A} = {7CF13082-3E74-4B40-A42F-7E55466A89D4}
		{7EC97C90-319B-4C8D-91C9-BA387A43B0E5} = {7CF13082-3E74-4B40-A42F-7E55466A89D4}
		{5044C082-55F0-48F0-9CA5-B274F981D7DF} = {7CF13082-3E74-4B40-A42F-7E55466A89D4}
		{4BCCCA19-5191-44CD-AB6A-4553DBE09960} = {7CF13082-3E74-4B40-A42F-7E55466A89D4}
		{E0D333C3-C1F9-49E7-B50A-85B9CCF2507C} = {7CF13082-3E74-4B40-A42F-7E55466A89D4}
		{4305775A-121E-4A49-85BF-DACBBD6308C5} = {7CF13082-3E74-4B40-A42F-7E55466A89D4}
		{26B77887-CED5-4077-AA08-1CEDEAC79CFF} = {06D85CA8-B91A-4734-835D-789A2A2412F8}
		{50B50BCE-8C59-4600-B541-9E6CD495E402} = {06D85CA8-B91A-4734-835D-789A2A2412F8}
		{A14E4669-8090-4203-82A2-6183A71B441E} = {06D85CA8-B91A-4734-835D-789A2A2412F8}
		{FF765E07-9C50-4605-BAD0-19E7AAB203AA} = {06D85CA8-B91A-4734-835D-789A2A2412F8}
		{CAF77561-5D19-4454-B96F-7B65AAEA00FC} = {06D85CA8-B91A-4734-835D-789A2A2412F8}
		{E7F4E2AC-96A3-4373-B5F5-36A21D14307F} = {06D85CA8-B91A-4734-835D-789A2A2412F8}
		{5A5AECEE-BD67-4885-B19C-7E958F9C9FD1} = {06D85CA8-B91A-4734-835D-789A2A2412F8}
		{856C2F48-5389-4892-B975-77C9E2DB791C} = {06D85CA8-B91A-4734-835D-789A2A2412F8}
		{0AB75420-C6F9-4C04-A20F-BF104E9CBCD1} = {06D85CA8-B91A-4734-835D-789A2A2412F8}
		{568E5E60-F1BB-48D3-9940-C6E248764D36} = {06D85CA8-B91A-4734-835D-789A2A2412F8}
		{46E8AB11-8DB0-4936-92F2-A9767F75DB33} = {06D85CA8-B91A-4734-835D-789A2A2412F8}
	EndGlobalSection
EndGlobal
